# This file is automatically @generated by Cargo.
# It is not intended for manual editing.
version = 3

[[package]]
name = "bitflags"
version = "0.7.0"
source = "registry+https://github.com/rust-lang/crates.io-index"
checksum = "aad18937a628ec6abcd26d1489012cc0e18c21798210f491af69ded9b881106d"

[[package]]
name = "bitflags"
version = "1.3.2"
source = "registry+https://github.com/rust-lang/crates.io-index"
checksum = "bef38d45163c2f1dde094a7dfd33ccf595c92905c8f8f4fdc18d06fb1037718a"

[[package]]
name = "bitflags"
version = "2.5.0"
source = "registry+https://github.com/rust-lang/crates.io-index"
checksum = "cf4b9d6a944f767f8e5e0db018570623c85f3d925ac718db4e06d0187adb21c1"

[[package]]
name = "cfg-if"
version = "1.0.0"
source = "registry+https://github.com/rust-lang/crates.io-index"
checksum = "baf1de4339761588bc0619e3cbc0120ee582ebb74b53b4efbf79117bd2da40fd"

[[package]]
name = "cfg_aliases"
version = "0.1.1"
source = "registry+https://github.com/rust-lang/crates.io-index"
checksum = "fd16c4719339c4530435d38e511904438d07cce7950afa3718a84ac36c10e89e"

[[package]]
name = "keystone"
version = "0.9.0"
source = "registry+https://github.com/rust-lang/crates.io-index"
checksum = "0409d156f77bf2a5fc3a9f78233b0594ca5cf7a6021fa617403e6c7a2dd421fe"
dependencies = [
 "bitflags 0.7.0",
 "libc",
]

[[package]]
name = "kvm-bindings"
version = "0.8.1"
source = "registry+https://github.com/rust-lang/crates.io-index"
checksum = "a82e7e8725a39a0015e511a46cc1f7d90cecc180db1610c4d0d4339a9e48bd21"
dependencies = [
 "vmm-sys-util",
]

[[package]]
name = "kvm-ioctls"
version = "0.17.0"
source = "registry+https://github.com/rust-lang/crates.io-index"
checksum = "bedae2ca4a531bebe311abaf9691f5cc14eaa21475243caa2e39c43bb872947d"
dependencies = [
 "bitflags 2.5.0",
 "kvm-bindings",
 "libc",
 "vmm-sys-util",
]

[[package]]
name = "kvm_play"
version = "0.1.0"
dependencies = [
 "keystone",
 "kvm-bindings",
 "kvm-ioctls",
 "nix",
]

[[package]]
name = "libc"
version = "0.2.154"
source = "registry+https://github.com/rust-lang/crates.io-index"
checksum = "ae743338b92ff9146ce83992f766a31066a91a8c84a45e0e9f21e7cf6de6d346"

[[package]]
name = "nix"
version = "0.28.0"
source = "registry+https://github.com/rust-lang/crates.io-index"
checksum = "ab2156c4fce2f8df6c499cc1c763e4394b7482525bf2a9701c9d79d215f519e4"
dependencies = [
 "bitflags 2.5.0",
 "cfg-if",
 "cfg_aliases",
 "libc",
]

[[package]]
name = "vmm-sys-util"
version = "0.12.1"
source = "registry+https://github.com/rust-lang/crates.io-index"
checksum = "1d1435039746e20da4f8d507a72ee1b916f7b4b05af7a91c093d2c6561934ede"
dependencies = [
 "bitflags 1.3.2",
 "libc",
]
